// !$*UTF8*$!
{
	archiveVersion = 1;
	classes = {
	};
	objectVersion = 56;
	objects = {

/* Begin PBXBuildFile section */
		EE25B11529DB1D8C008C36D0 /* AppDelegate.swift in Sources */ = {isa = PBXBuildFile; fileRef = EE25B11429DB1D8C008C36D0 /* AppDelegate.swift */; };
		EE25B11729DB1D8C008C36D0 /* SceneDelegate.swift in Sources */ = {isa = PBXBuildFile; fileRef = EE25B11629DB1D8C008C36D0 /* SceneDelegate.swift */; };
		EE25B11929DB1D8C008C36D0 /* FirstViewController.swift in Sources */ = {isa = PBXBuildFile; fileRef = EE25B11829DB1D8C008C36D0 /* FirstViewController.swift */; };
		EE25B11C29DB1D8C008C36D0 /* Main.storyboard in Resources */ = {isa = PBXBuildFile; fileRef = EE25B11A29DB1D8C008C36D0 /* Main.storyboard */; };
		EE25B11E29DB1D90008C36D0 /* Assets.xcassets in Resources */ = {isa = PBXBuildFile; fileRef = EE25B11D29DB1D90008C36D0 /* Assets.xcassets */; };
		EE25B12129DB1D90008C36D0 /* LaunchScreen.storyboard in Resources */ = {isa = PBXBuildFile; fileRef = EE25B11F29DB1D90008C36D0 /* LaunchScreen.storyboard */; };
		EE32B1DF29E42B2A00E331D4 /* Game.swift in Sources */ = {isa = PBXBuildFile; fileRef = EE32B1DE29E42B2900E331D4 /* Game.swift */; };
		EE7C2E2E29E9379D00137A16 /* StartViewController.swift in Sources */ = {isa = PBXBuildFile; fileRef = EE7C2E2D29E9379D00137A16 /* StartViewController.swift */; };
		EEE87E5329DDC9BD0044D1FB /* SecondViewController.swift in Sources */ = {isa = PBXBuildFile; fileRef = EEE87E5229DDC9BD0044D1FB /* SecondViewController.swift */; };
		EEEC128829E69D8100DDA3E7 /* Round.swift in Sources */ = {isa = PBXBuildFile; fileRef = EEEC128729E69D8100DDA3E7 /* Round.swift */; };
		EEEC128A29E69DBE00DDA3E7 /* GeneratorRandomValue.swift in Sources */ = {isa = PBXBuildFile; fileRef = EEEC128929E69DBE00DDA3E7 /* GeneratorRandomValue.swift */; };
/* End PBXBuildFile section */

/* Begin PBXFileReference section */
		EE25B11129DB1D8C008C36D0 /* Right on target.app */ = {isa = PBXFileReference; explicitFileType = wrapper.application; includeInIndex = 0; path = "Right on target.app"; sourceTree = BUILT_PRODUCTS_DIR; };
		EE25B11429DB1D8C008C36D0 /* AppDelegate.swift */ = {isa = PBXFileReference; lastKnownFileType = sourcecode.swift; path = AppDelegate.swift; sourceTree = "<group>"; };
		EE25B11629DB1D8C008C36D0 /* SceneDelegate.swift */ = {isa = PBXFileReference; lastKnownFileType = sourcecode.swift; path = SceneDelegate.swift; sourceTree = "<group>"; };
		EE25B11829DB1D8C008C36D0 /* FirstViewController.swift */ = {isa = PBXFileReference; lastKnownFileType = sourcecode.swift; path = FirstViewController.swift; sourceTree = "<group>"; };
		EE25B11B29DB1D8C008C36D0 /* Base */ = {isa = PBXFileReference; lastKnownFileType = file.storyboard; name = Base; path = Base.lproj/Main.storyboard; sourceTree = "<group>"; };
		EE25B11D29DB1D90008C36D0 /* Assets.xcassets */ = {isa = PBXFileReference; lastKnownFileType = folder.assetcatalog; path = Assets.xcassets; sourceTree = "<group>"; };
		EE25B12029DB1D90008C36D0 /* Base */ = {isa = PBXFileReference; lastKnownFileType = file.storyboard; name = Base; path = Base.lproj/LaunchScreen.storyboard; sourceTree = "<group>"; };
		EE25B12229DB1D90008C36D0 /* Info.plist */ = {isa = PBXFileReference; lastKnownFileType = text.plist.xml; path = Info.plist; sourceTree = "<group>"; };
		EE32B1DE29E42B2900E331D4 /* Game.swift */ = {isa = PBXFileReference; lastKnownFileType = sourcecode.swift; path = Game.swift; sourceTree = "<group>"; };
		EE7C2E2D29E9379D00137A16 /* StartViewController.swift */ = {isa = PBXFileReference; lastKnownFileType = sourcecode.swift; path = StartViewController.swift; sourceTree = "<group>"; };
		EEE87E5229DDC9BD0044D1FB /* SecondViewController.swift */ = {isa = PBXFileReference; lastKnownFileType = sourcecode.swift; path = SecondViewController.swift; sourceTree = "<group>"; };
		EEEC128729E69D8100DDA3E7 /* Round.swift */ = {isa = PBXFileReference; lastKnownFileType = sourcecode.swift; path = Round.swift; sourceTree = "<group>"; };
		EEEC128929E69DBE00DDA3E7 /* GeneratorRandomValue.swift */ = {isa = PBXFileReference; lastKnownFileType = sourcecode.swift; path = GeneratorRandomValue.swift; sourceTree = "<group>"; };
/* End PBXFileReference section */

/* Begin PBXFrameworksBuildPhase section */
		EE25B10E29DB1D8C008C36D0 /* Frameworks */ = {
			isa = PBXFrameworksBuildPhase;
			buildActionMask = 2147483647;
			files = (
			);
			runOnlyForDeploymentPostprocessing = 0;
		};
/* End PBXFrameworksBuildPhase section */

/* Begin PBXGroup section */
		EE25B10829DB1D8C008C36D0 = {
			isa = PBXGroup;
			children = (
				EE25B11329DB1D8C008C36D0 /* Right on target */,
				EE25B11229DB1D8C008C36D0 /* Products */,
			);
			sourceTree = "<group>";
		};
		EE25B11229DB1D8C008C36D0 /* Products */ = {
			isa = PBXGroup;
			children = (
				EE25B11129DB1D8C008C36D0 /* Right on target.app */,
			);
			name = Products;
			sourceTree = "<group>";
		};
		EE25B11329DB1D8C008C36D0 /* Right on target */ = {
			isa = PBXGroup;
			children = (
				EEEC128C29E69DDB00DDA3E7 /* Controllers */,
				EEEC128B29E69DCD00DDA3E7 /* Views */,
				EE32B1DD29E42A5800E331D4 /* Models */,
				EE25B11429DB1D8C008C36D0 /* AppDelegate.swift */,
				EE25B11629DB1D8C008C36D0 /* SceneDelegate.swift */,
				EE25B11D29DB1D90008C36D0 /* Assets.xcassets */,
				EE25B12229DB1D90008C36D0 /* Info.plist */,
			);
			path = "Right on target";
			sourceTree = "<group>";
		};
		EE32B1DD29E42A5800E331D4 /* Models */ = {
			isa = PBXGroup;
			children = (
				EE32B1DE29E42B2900E331D4 /* Game.swift */,
				EEEC128729E69D8100DDA3E7 /* Round.swift */,
				EEEC128929E69DBE00DDA3E7 /* GeneratorRandomValue.swift */,
			);
			path = Models;
			sourceTree = "<group>";
		};
		EEEC128B29E69DCD00DDA3E7 /* Views */ = {
			isa = PBXGroup;
			children = (
				EEEC128D29E69E2A00DDA3E7 /* Storyboard */,
			);
			path = Views;
			sourceTree = "<group>";
		};
		EEEC128C29E69DDB00DDA3E7 /* Controllers */ = {
			isa = PBXGroup;
			children = (
				EE7C2E2D29E9379D00137A16 /* StartViewController.swift */,
				EE25B11829DB1D8C008C36D0 /* FirstViewController.swift */,
				EEE87E5229DDC9BD0044D1FB /* SecondViewController.swift */,
			);
			path = Controllers;
			sourceTree = "<group>";
		};
		EEEC128D29E69E2A00DDA3E7 /* Storyboard */ = {
			isa = PBXGroup;
			children = (
				EE25B11A29DB1D8C008C36D0 /* Main.storyboard */,
				EE25B11F29DB1D90008C36D0 /* LaunchScreen.storyboard */,
			);
			path = Storyboard;
			sourceTree = "<group>";
		};
/* End PBXGroup section */

/* Begin PBXNativeTarget section */
		EE25B11029DB1D8C008C36D0 /* Right on target */ = {
			isa = PBXNativeTarget;
			buildConfigurationList = EE25B12529DB1D90008C36D0 /* Build configuration list for PBXNativeTarget "Right on target" */;
			buildPhases = (
				EE25B10D29DB1D8C008C36D0 /* Sources */,
				EE25B10E29DB1D8C008C36D0 /* Frameworks */,
				EE25B10F29DB1D8C008C36D0 /* Resources */,
			);
			buildRules = (
			);
			dependencies = (
			);
			name = "Right on target";
			productName = "Right on target";
			productReference = EE25B11129DB1D8C008C36D0 /* Right on target.app */;
			productType = "com.apple.product-type.application";
		};
/* End PBXNativeTarget section */

/* Begin PBXProject section */
		EE25B10929DB1D8C008C36D0 /* Project object */ = {
			isa = PBXProject;
			attributes = {
				BuildIndependentTargetsInParallel = 1;
				LastSwiftUpdateCheck = 1410;
				LastUpgradeCheck = 1410;
				TargetAttributes = {
					EE25B11029DB1D8C008C36D0 = {
						CreatedOnToolsVersion = 14.1;
					};
				};
			};
			buildConfigurationList = EE25B10C29DB1D8C008C36D0 /* Build configuration list for PBXProject "Right on target" */;
			compatibilityVersion = "Xcode 14.0";
			developmentRegion = en;
			hasScannedForEncodings = 0;
			knownRegions = (
				en,
				Base,
			);
			mainGroup = EE25B10829DB1D8C008C36D0;
			productRefGroup = EE25B11229DB1D8C008C36D0 /* Products */;
			projectDirPath = "";
			projectRoot = "";
			targets = (
				EE25B11029DB1D8C008C36D0 /* Right on target */,
			);
		};
/* End PBXProject section */

/* Begin PBXResourcesBuildPhase section */
		EE25B10F29DB1D8C008C36D0 /* Resources */ = {
			isa = PBXResourcesBuildPhase;
			buildActionMask = 2147483647;
			files = (
				EE25B12129DB1D90008C36D0 /* LaunchScreen.storyboard in Resources */,
				EE25B11E29DB1D90008C36D0 /* Assets.xcassets in Resources */,
				EE25B11C29DB1D8C008C36D0 /* Main.storyboard in Resources */,
			);
			runOnlyForDeploymentPostprocessing = 0;
		};
/* End PBXResourcesBuildPhase section */

/* Begin PBXSourcesBuildPhase section */
		EE25B10D29DB1D8C008C36D0 /* Sources */ = {
			isa = PBXSourcesBuildPhase;
			buildActionMask = 2147483647;
			files = (
				EEE87E5329DDC9BD0044D1FB /* SecondViewController.swift in Sources */,
				EE7C2E2E29E9379D00137A16 /* StartViewController.swift in Sources */,
				EE32B1DF29E42B2A00E331D4 /* Game.swift in Sources */,
				EEEC128A29E69DBE00DDA3E7 /* GeneratorRandomValue.swift in Sources */,
				EE25B11929DB1D8C008C36D0 /* FirstViewController.swift in Sources */,
				EE25B11529DB1D8C008C36D0 /* AppDelegate.swift in Sources */,
				EEEC128829E69D8100DDA3E7 /* Round.swift in Sources */,
				EE25B11729DB1D8C008C36D0 /* SceneDelegate.swift in Sources */,
			);
			runOnlyForDeploymentPostprocessing = 0;
		};
/* End PBXSourcesBuildPhase section */

/* Begin PBXVariantGroup section */
		EE25B11A29DB1D8C008C36D0 /* Main.storyboard */ = {
			isa = PBXVariantGroup;
			children = (
				EE25B11B29DB1D8C008C36D0 /* Base */,
			);
			name = Main.storyboard;
			sourceTree = "<group>";
		};
		EE25B11F29DB1D90008C36D0 /* LaunchScreen.storyboard */ = {
			isa = PBXVariantGroup;
			children = (
				EE25B12029DB1D90008C36D0 /* Base */,
			);
			name = LaunchScreen.storyboard;
			sourceTree = "<group>";
		};
/* End PBXVariantGroup section */

/* Begin XCBuildConfiguration section */
		EE25B12329DB1D90008C36D0 /* Debug */ = {
			isa = XCBuildConfiguration;
			buildSettings = {
				ALWAYS_SEARCH_USER_PATHS = NO;
				CLANG_ANALYZER_NONNULL = YES;
				CLANG_ANALYZER_NUMBER_OBJECT_CONVERSION = YES_AGGRESSIVE;
				CLANG_CXX_LANGUAGE_STANDARD = "gnu++20";
				CLANG_ENABLE_MODULES = YES;
				CLANG_ENABLE_OBJC_ARC = YES;
				CLANG_ENABLE_OBJC_WEAK = YES;
				CLANG_WARN_BLOCK_CAPTURE_AUTORELEASING = YES;
				CLANG_WARN_BOOL_CONVERSION = YES;
				CLANG_WARN_COMMA = YES;
				CLANG_WARN_CONSTANT_CONVERSION = YES;
				CLANG_WARN_DEPRECATED_OBJC_IMPLEMENTATIONS = YES;
				CLANG_WARN_DIRECT_OBJC_ISA_USAGE = YES_ERROR;
				CLANG_WARN_DOCUMENTATION_COMMENTS = YES;
				CLANG_WARN_EMPTY_BODY = YES;
				CLANG_WARN_ENUM_CONVERSION = YES;
				CLANG_WARN_INFINITE_RECURSION = YES;
				CLANG_WARN_INT_CONVERSION = YES;
				CLANG_WARN_NON_LITERAL_NULL_CONVERSION = YES;
				CLANG_WARN_OBJC_IMPLICIT_RETAIN_SELF = YES;
				CLANG_WARN_OBJC_LITERAL_CONVERSION = YES;
				CLANG_WARN_OBJC_ROOT_CLASS = YES_ERROR;
				CLANG_WARN_QUOTED_INCLUDE_IN_FRAMEWORK_HEADER = YES;
				CLANG_WARN_RANGE_LOOP_ANALYSIS = YES;
				CLANG_WARN_STRICT_PROTOTYPES = YES;
				CLANG_WARN_SUSPICIOUS_MOVE = YES;
				CLANG_WARN_UNGUARDED_AVAILABILITY = YES_AGGRESSIVE;
				CLANG_WARN_UNREACHABLE_CODE = YES;
				CLANG_WARN__DUPLICATE_METHOD_MATCH = YES;
				COPY_PHASE_STRIP = NO;
				DEBUG_INFORMATION_FORMAT = dwarf;
				ENABLE_STRICT_OBJC_MSGSEND = YES;
				ENABLE_TESTABILITY = YES;
				GCC_C_LANGUAGE_STANDARD = gnu11;
				GCC_DYNAMIC_NO_PIC = NO;
				GCC_NO_COMMON_BLOCKS = YES;
				GCC_OPTIMIZATION_LEVEL = 0;
				GCC_PREPROCESSOR_DEFINITIONS = (
					"DEBUG=1",
					"$(inherited)",
				);
				GCC_WARN_64_TO_32_BIT_CONVERSION = YES;
				GCC_WARN_ABOUT_RETURN_TYPE = YES_ERROR;
				GCC_WARN_UNDECLARED_SELECTOR = YES;
				GCC_WARN_UNINITIALIZED_AUTOS = YES_AGGRESSIVE;
				GCC_WARN_UNUSED_FUNCTION = YES;
				GCC_WARN_UNUSED_VARIABLE = YES;
				IPHONEOS_DEPLOYMENT_TARGET = 16.1;
				MTL_ENABLE_DEBUG_INFO = INCLUDE_SOURCE;
				MTL_FAST_MATH = YES;
				ONLY_ACTIVE_ARCH = YES;
				SDKROOT = iphoneos;
				SWIFT_ACTIVE_COMPILATION_CONDITIONS = DEBUG;
				SWIFT_OPTIMIZATION_LEVEL = "-Onone";
			};
			name = Debug;
		};
		EE25B12429DB1D90008C36D0 /* Release */ = {
			isa = XCBuildConfiguration;
			buildSettings = {
				ALWAYS_SEARCH_USER_PATHS = NO;
				CLANG_ANALYZER_NONNULL = YES;
				CLANG_ANALYZER_NUMBER_OBJECT_CONVERSION = YES_AGGRESSIVE;
				CLANG_CXX_LANGUAGE_STANDARD = "gnu++20";
				CLANG_ENABLE_MODULES = YES;
				CLANG_ENABLE_OBJC_ARC = YES;
				CLANG_ENABLE_OBJC_WEAK = YES;
				CLANG_WARN_BLOCK_CAPTURE_AUTORELEASING = YES;
				CLANG_WARN_BOOL_CONVERSION = YES;
				CLANG_WARN_COMMA = YES;
				CLANG_WARN_CONSTANT_CONVERSION = YES;
				CLANG_WARN_DEPRECATED_OBJC_IMPLEMENTATIONS = YES;
				CLANG_WARN_DIRECT_OBJC_ISA_USAGE = YES_ERROR;
				CLANG_WARN_DOCUMENTATION_COMMENTS = YES;
				CLANG_WARN_EMPTY_BODY = YES;
				CLANG_WARN_ENUM_CONVERSION = YES;
				CLANG_WARN_INFINITE_RECURSION = YES;
				CLANG_WARN_INT_CONVERSION = YES;
				CLANG_WARN_NON_LITERAL_NULL_CONVERSION = YES;
				CLANG_WARN_OBJC_IMPLICIT_RETAIN_SELF = YES;
				CLANG_WARN_OBJC_LITERAL_CONVERSION = YES;
				CLANG_WARN_OBJC_ROOT_CLASS = YES_ERROR;
				CLANG_WARN_QUOTED_INCLUDE_IN_FRAMEWORK_HEADER = YES;
				CLANG_WARN_RANGE_LOOP_ANALYSIS = YES;
				CLANG_WARN_STRICT_PROTOTYPES = YES;
				CLANG_WARN_SUSPICIOUS_MOVE = YES;
				CLANG_WARN_UNGUARDED_AVAILABILITY = YES_AGGRESSIVE;
				CLANG_WARN_UNREACHABLE_CODE = YES;
				CLANG_WARN__DUPLICATE_METHOD_MATCH = YES;
				COPY_PHASE_STRIP = NO;
				DEBUG_INFORMATION_FORMAT = "dwarf-with-dsym";
				ENABLE_NS_ASSERTIONS = NO;
				ENABLE_STRICT_OBJC_MSGSEND = YES;
				GCC_C_LANGUAGE_STANDARD = gnu11;
				GCC_NO_COMMON_BLOCKS = YES;
				GCC_WARN_64_TO_32_BIT_CONVERSION = YES;
				GCC_WARN_ABOUT_RETURN_TYPE = YES_ERROR;
				GCC_WARN_UNDECLARED_SELECTOR = YES;
				GCC_WARN_UNINITIALIZED_AUTOS = YES_AGGRESSIVE;
				GCC_WARN_UNUSED_FUNCTION = YES;
				GCC_WARN_UNUSED_VARIABLE = YES;
				IPHONEOS_DEPLOYMENT_TARGET = 16.1;
				MTL_ENABLE_DEBUG_INFO = NO;
				MTL_FAST_MATH = YES;
				SDKROOT = iphoneos;
				SWIFT_COMPILATION_MODE = wholemodule;
				SWIFT_OPTIMIZATION_LEVEL = "-O";
				VALIDATE_PRODUCT = YES;
			};
			name = Release;
		};
		EE25B12629DB1D90008C36D0 /* Debug */ = {
			isa = XCBuildConfiguration;
			buildSettings = {
				ASSETCATALOG_COMPILER_APPICON_NAME = AppIcon;
				ASSETCATALOG_COMPILER_GLOBAL_ACCENT_COLOR_NAME = AccentColor;
				CODE_SIGN_STYLE = Automatic;
				CURRENT_PROJECT_VERSION = 1;
				DEVELOPMENT_TEAM = 8794TY6Y9K;
				GENERATE_INFOPLIST_FILE = YES;
				INFOPLIST_FILE = "Right on target/Info.plist";
				INFOPLIST_KEY_UIApplicationSupportsIndirectInputEvents = YES;
				INFOPLIST_KEY_UILaunchStoryboardName = LaunchScreen;
				INFOPLIST_KEY_UIMainStoryboardFile = Main;
				INFOPLIST_KEY_UISupportedInterfaceOrientations = "UIInterfaceOrientationLandscapeLeft UIInterfaceOrientationLandscapeRight";
				LD_RUNPATH_SEARCH_PATHS = (
					"$(inherited)",
					"@executable_path/Frameworks",
				);
				MARKETING_VERSION = 1.0;
				PRODUCT_BUNDLE_IDENTIFIER = "com.pskhodenkov.Right-on-target";
				PRODUCT_NAME = "$(TARGET_NAME)";
				SWIFT_EMIT_LOC_STRINGS = YES;
				SWIFT_VERSION = 5.0;
				TARGETED_DEVICE_FAMILY = "1,2";
			};
			name = Debug;
		};
		EE25B12729DB1D90008C36D0 /* Release */ = {
			isa = XCBuildConfiguration;
			buildSettings = {
				ASSETCATALOG_COMPILER_APPICON_NAME = AppIcon;
				ASSETCATALOG_COMPILER_GLOBAL_ACCENT_COLOR_NAME = AccentColor;
				CODE_SIGN_STYLE = Automatic;
				CURRENT_PROJECT_VERSION = 1;
				DEVELOPMENT_TEAM = 8794TY6Y9K;
				GENERATE_INFOPLIST_FILE = YES;
				INFOPLIST_FILE = "Right on target/Info.plist";
				INFOPLIST_KEY_UIApplicationSupportsIndirectInputEvents = YES;
				INFOPLIST_KEY_UILaunchStoryboardName = LaunchScreen;
				INFOPLIST_KEY_UIMainStoryboardFile = Main;
				INFOPLIST_KEY_UISupportedInterfaceOrientations = "UIInterfaceOrientationLandscapeLeft UIInterfaceOrientationLandscapeRight";
				LD_RUNPATH_SEARCH_PATHS = (
					"$(inherited)",
					"@executable_path/Frameworks",
				);
				MARKETING_VERSION = 1.0;
				PRODUCT_BUNDLE_IDENTIFIER = "com.pskhodenkov.Right-on-target";
				PRODUCT_NAME = "$(TARGET_NAME)";
				SWIFT_EMIT_LOC_STRINGS = YES;
				SWIFT_VERSION = 5.0;
				TARGETED_DEVICE_FAMILY = "1,2";
			};
			name = Release;
		};
/* End XCBuildConfiguration section */

/* Begin XCConfigurationList section */
		EE25B10C29DB1D8C008C36D0 /* Build configuration list for PBXProject "Right on target" */ = {
			isa = XCConfigurationList;
			buildConfigurations = (
				EE25B12329DB1D90008C36D0 /* Debug */,
				EE25B12429DB1D90008C36D0 /* Release */,
			);
			defaultConfigurationIsVisible = 0;
			defaultConfigurationName = Release;
		};
		EE25B12529DB1D90008C36D0 /* Build configuration list for PBXNativeTarget "Right on target" */ = {
			isa = XCConfigurationList;
			buildConfigurations = (
				EE25B12629DB1D90008C36D0 /* Debug */,
				EE25B12729DB1D90008C36D0 /* Release */,
			);
			defaultConfigurationIsVisible = 0;
			defaultConfigurationName = Release;
		};
/* End XCConfigurationList section */
	};
	rootObject = EE25B10929DB1D8C008C36D0 /* Project object */;
}
